
Microsoft Visual Studio Solution File, Format Version 12.00
# Visual Studio Version 16
VisualStudioVersion = 16.0.33529.622
MinimumVisualStudioVersion = 10.0.40219.1
Project("{FAE04EC0-301F-11D3-BF4B-00C04F79EFBC}") = "Entity", "newlab\_redclima\Entity\Entity.csproj", "{AEF2EB2A-21AD-4973-B512-80135D5C6529}"
EndProject
Project("{FAE04EC0-301F-11D3-BF4B-00C04F79EFBC}") = "Provider", "newlab\_redclima\Provider\Provider.csproj", "{03792383-4BAA-4CC2-B3B1-F4EB549C8D10}"
EndProject
Project("{FAE04EC0-301F-11D3-BF4B-00C04F79EFBC}") = "Data", "newlab\_redclima\Data\Data.csproj", "{BB59EF25-3661-447B-9E04-35CF0211AEE9}"
EndProject
Project("{FAE04EC0-301F-11D3-BF4B-00C04F79EFBC}") = "Business", "newlab\_redclima\Business\Business.csproj", "{764F2812-1FE7-4A23-9F35-EE75D76B7D83}"
EndProject
Project("{FAE04EC0-301F-11D3-BF4B-00C04F79EFBC}") = "newlab", "newlab\newlab.csproj", "{7ADDFE06-1232-442B-85E3-B886D5BBBA01}"
EndProject
Global
	GlobalSection(SolutionConfigurationPlatforms) = preSolution
		Debug|Any CPU = Debug|Any CPU
		Release|Any CPU = Release|Any CPU
	EndGlobalSection
	GlobalSection(ProjectConfigurationPlatforms) = postSolution
		{AEF2EB2A-21AD-4973-B512-80135D5C6529}.Debug|Any CPU.ActiveCfg = Debug|Any CPU
		{AEF2EB2A-21AD-4973-B512-80135D5C6529}.Debug|Any CPU.Build.0 = Debug|Any CPU
		{AEF2EB2A-21AD-4973-B512-80135D5C6529}.Release|Any CPU.ActiveCfg = Release|Any CPU
		{AEF2EB2A-21AD-4973-B512-80135D5C6529}.Release|Any CPU.Build.0 = Release|Any CPU
		{03792383-4BAA-4CC2-B3B1-F4EB549C8D10}.Debug|Any CPU.ActiveCfg = Debug|Any CPU
		{03792383-4BAA-4CC2-B3B1-F4EB549C8D10}.Debug|Any CPU.Build.0 = Debug|Any CPU
		{03792383-4BAA-4CC2-B3B1-F4EB549C8D10}.Release|Any CPU.ActiveCfg = Release|Any CPU
		{03792383-4BAA-4CC2-B3B1-F4EB549C8D10}.Release|Any CPU.Build.0 = Release|Any CPU
		{BB59EF25-3661-447B-9E04-35CF0211AEE9}.Debug|Any CPU.ActiveCfg = Debug|Any CPU
		{BB59EF25-3661-447B-9E04-35CF0211AEE9}.Debug|Any CPU.Build.0 = Debug|Any CPU
		{BB59EF25-3661-447B-9E04-35CF0211AEE9}.Release|Any CPU.ActiveCfg = Release|Any CPU
		{BB59EF25-3661-447B-9E04-35CF0211AEE9}.Release|Any CPU.Build.0 = Release|Any CPU
		{764F2812-1FE7-4A23-9F35-EE75D76B7D83}.Debug|Any CPU.ActiveCfg = Debug|Any CPU
		{764F2812-1FE7-4A23-9F35-EE75D76B7D83}.Debug|Any CPU.Build.0 = Debug|Any CPU
		{764F2812-1FE7-4A23-9F35-EE75D76B7D83}.Release|Any CPU.ActiveCfg = Release|Any CPU
		{764F2812-1FE7-4A23-9F35-EE75D76B7D83}.Release|Any CPU.Build.0 = Release|Any CPU
		{7ADDFE06-1232-442B-85E3-B886D5BBBA01}.Debug|Any CPU.ActiveCfg = Debug|Any CPU
		{7ADDFE06-1232-442B-85E3-B886D5BBBA01}.Debug|Any CPU.Build.0 = Debug|Any CPU
		{7ADDFE06-1232-442B-85E3-B886D5BBBA01}.Release|Any CPU.ActiveCfg = Release|Any CPU
		{7ADDFE06-1232-442B-85E3-B886D5BBBA01}.Release|Any CPU.Build.0 = Release|Any CPU
	EndGlobalSection
	GlobalSection(SolutionProperties) = preSolution
		HideSolutionNode = FALSE
	EndGlobalSection
	GlobalSection(ExtensibilityGlobals) = postSolution
		SolutionGuid = {58E584E8-11B0-4364-BFAA-B0FE30DBDCCB}
	EndGlobalSection
EndGlobal
